
Microsoft Visual Studio Solution File, Format Version 12.00
# Visual Studio Version 16
VisualStudioVersion = 16.0.32228.343
MinimumVisualStudioVersion = 10.0.40219.1
Project("{FAE04EC0-301F-11D3-BF4B-00C04F79EFBC}") = "Banco", "Banco\Banco.csproj", "{CA8D0DA0-EDFE-4E42-AE04-2ECCD47FF6BC}"
EndProject
Global
	GlobalSection(SolutionConfigurationPlatforms) = preSolution
		Debug|Any CPU = Debug|Any CPU
		Release|Any CPU = Release|Any CPU
	EndGlobalSection
	GlobalSection(ProjectConfigurationPlatforms) = postSolution
		{CA8D0DA0-EDFE-4E42-AE04-2ECCD47FF6BC}.Debug|Any CPU.ActiveCfg = Debug|Any CPU
		{CA8D0DA0-EDFE-4E42-AE04-2ECCD47FF6BC}.Debug|Any CPU.Build.0 = Debug|Any CPU
		{CA8D0DA0-EDFE-4E42-AE04-2ECCD47FF6BC}.Release|Any CPU.ActiveCfg = Release|Any CPU
		{CA8D0DA0-EDFE-4E42-AE04-2ECCD47FF6BC}.Release|Any CPU.Build.0 = Release|Any CPU
	EndGlobalSection
	GlobalSection(SolutionProperties) = preSolution
		HideSolutionNode = FALSE
	EndGlobalSection
	GlobalSection(ExtensibilityGlobals) = postSolution
		SolutionGuid = {00CED18E-1321-490B-87ED-1BE8CDBCCCBB}
	EndGlobalSection
EndGlobal
